// !$*UTF8*$!
{
	archiveVersion = 1;
	classes = {
	};
	objectVersion = 55;
	objects = {

/* Begin PBXBuildFile section */
		B40E5F0628AD925F00028982 /* URLSessionHTTPClient.swift in Sources */ = {isa = PBXBuildFile; fileRef = B40E5F0528AD925F00028982 /* URLSessionHTTPClient.swift */; };
		B40E5F0828AD928200028982 /* Constant.swift in Sources */ = {isa = PBXBuildFile; fileRef = B40E5F0728AD928200028982 /* Constant.swift */; };
		B40E5F0B28ADD46100028982 /* ImageDataLoader.swift in Sources */ = {isa = PBXBuildFile; fileRef = B40E5F0A28ADD46100028982 /* ImageDataLoader.swift */; };
		B40E5F0D28AE839D00028982 /* MovieCellController.swift in Sources */ = {isa = PBXBuildFile; fileRef = B40E5F0C28AE839D00028982 /* MovieCellController.swift */; };
		B40E5F0F28AE858C00028982 /* LoadMoreCell.swift in Sources */ = {isa = PBXBuildFile; fileRef = B40E5F0E28AE858C00028982 /* LoadMoreCell.swift */; };
		B40E5F1128AE8FE400028982 /* LoadMoreCellController.swift in Sources */ = {isa = PBXBuildFile; fileRef = B40E5F1028AE8FE400028982 /* LoadMoreCellController.swift */; };
		B40E5F1328AE919A00028982 /* RefreshViewController.swift in Sources */ = {isa = PBXBuildFile; fileRef = B40E5F1228AE919A00028982 /* RefreshViewController.swift */; };
		B40E5F1528AF171B00028982 /* FeedCache.swift in Sources */ = {isa = PBXBuildFile; fileRef = B40E5F1428AF171B00028982 /* FeedCache.swift */; };
		B40E5F1728AF175D00028982 /* LocalFeedService.swift in Sources */ = {isa = PBXBuildFile; fileRef = B40E5F1628AF175D00028982 /* LocalFeedService.swift */; };
		B40E5F1928AF18A800028982 /* CoreData+FeedStore.swift in Sources */ = {isa = PBXBuildFile; fileRef = B40E5F1828AF18A800028982 /* CoreData+FeedStore.swift */; };
		B40E5F1B28AF18D500028982 /* CoreData+FeedImageDataStore.swift in Sources */ = {isa = PBXBuildFile; fileRef = B40E5F1A28AF18D500028982 /* CoreData+FeedImageDataStore.swift */; };
		B46DC41028A4806E002802C5 /* AppDelegate.swift in Sources */ = {isa = PBXBuildFile; fileRef = B46DC40F28A4806E002802C5 /* AppDelegate.swift */; };
		B46DC41228A4806E002802C5 /* SceneDelegate.swift in Sources */ = {isa = PBXBuildFile; fileRef = B46DC41128A4806E002802C5 /* SceneDelegate.swift */; };
		B46DC41428A4806E002802C5 /* HomeViewController.swift in Sources */ = {isa = PBXBuildFile; fileRef = B46DC41328A4806E002802C5 /* HomeViewController.swift */; };
		B46DC41728A4806E002802C5 /* Main.storyboard in Resources */ = {isa = PBXBuildFile; fileRef = B46DC41528A4806E002802C5 /* Main.storyboard */; };
		B46DC41928A48070002802C5 /* Assets.xcassets in Resources */ = {isa = PBXBuildFile; fileRef = B46DC41828A48070002802C5 /* Assets.xcassets */; };
		B46DC41C28A48070002802C5 /* LaunchScreen.storyboard in Resources */ = {isa = PBXBuildFile; fileRef = B46DC41A28A48070002802C5 /* LaunchScreen.storyboard */; };
		B46DC42628A480AA002802C5 /* FeedLoader.swift in Sources */ = {isa = PBXBuildFile; fileRef = B46DC42528A480AA002802C5 /* FeedLoader.swift */; };
		B46DC42828A48335002802C5 /* APIService.swift in Sources */ = {isa = PBXBuildFile; fileRef = B46DC42728A48335002802C5 /* APIService.swift */; };
		B46DC42B28A494AA002802C5 /* MovieCell.swift in Sources */ = {isa = PBXBuildFile; fileRef = B46DC42A28A494AA002802C5 /* MovieCell.swift */; };
		B46DC42D28A53D84002802C5 /* UIView+Extension.swift in Sources */ = {isa = PBXBuildFile; fileRef = B46DC42C28A53D84002802C5 /* UIView+Extension.swift */; };
		B46DC42F28A545B5002802C5 /* Movie.swift in Sources */ = {isa = PBXBuildFile; fileRef = B46DC42E28A545B5002802C5 /* Movie.swift */; };
		B46DC43128A55651002802C5 /* FeedImageDataCache.swift in Sources */ = {isa = PBXBuildFile; fileRef = B46DC43028A55651002802C5 /* FeedImageDataCache.swift */; };
		B46DC43328A556DD002802C5 /* LocalImageDataService.swift in Sources */ = {isa = PBXBuildFile; fileRef = B46DC43228A556DD002802C5 /* LocalImageDataService.swift */; };
		B46DC43628A56646002802C5 /* MovieImageStore.xcdatamodeld in Sources */ = {isa = PBXBuildFile; fileRef = B46DC43428A56646002802C5 /* MovieImageStore.xcdatamodeld */; };
		B46DC43928A566BD002802C5 /* ManageMovie.swift in Sources */ = {isa = PBXBuildFile; fileRef = B46DC43728A566BD002802C5 /* ManageMovie.swift */; };
		B46DC43C28A5676C002802C5 /* CoreDataStore.swift in Sources */ = {isa = PBXBuildFile; fileRef = B46DC43B28A5676C002802C5 /* CoreDataStore.swift */; };
/* End PBXBuildFile section */

/* Begin PBXFileReference section */
		B40E5F0528AD925F00028982 /* URLSessionHTTPClient.swift */ = {isa = PBXFileReference; lastKnownFileType = sourcecode.swift; path = URLSessionHTTPClient.swift; sourceTree = "<group>"; };
		B40E5F0728AD928200028982 /* Constant.swift */ = {isa = PBXFileReference; lastKnownFileType = sourcecode.swift; path = Constant.swift; sourceTree = "<group>"; };
		B40E5F0A28ADD46100028982 /* ImageDataLoader.swift */ = {isa = PBXFileReference; lastKnownFileType = sourcecode.swift; path = ImageDataLoader.swift; sourceTree = "<group>"; };
		B40E5F0C28AE839D00028982 /* MovieCellController.swift */ = {isa = PBXFileReference; lastKnownFileType = sourcecode.swift; path = MovieCellController.swift; sourceTree = "<group>"; };
		B40E5F0E28AE858C00028982 /* LoadMoreCell.swift */ = {isa = PBXFileReference; lastKnownFileType = sourcecode.swift; path = LoadMoreCell.swift; sourceTree = "<group>"; };
		B40E5F1028AE8FE400028982 /* LoadMoreCellController.swift */ = {isa = PBXFileReference; lastKnownFileType = sourcecode.swift; path = LoadMoreCellController.swift; sourceTree = "<group>"; };
		B40E5F1228AE919A00028982 /* RefreshViewController.swift */ = {isa = PBXFileReference; lastKnownFileType = sourcecode.swift; path = RefreshViewController.swift; sourceTree = "<group>"; };
		B40E5F1428AF171B00028982 /* FeedCache.swift */ = {isa = PBXFileReference; lastKnownFileType = sourcecode.swift; path = FeedCache.swift; sourceTree = "<group>"; };
		B40E5F1628AF175D00028982 /* LocalFeedService.swift */ = {isa = PBXFileReference; lastKnownFileType = sourcecode.swift; path = LocalFeedService.swift; sourceTree = "<group>"; };
		B40E5F1828AF18A800028982 /* CoreData+FeedStore.swift */ = {isa = PBXFileReference; lastKnownFileType = sourcecode.swift; path = "CoreData+FeedStore.swift"; sourceTree = "<group>"; };
		B40E5F1A28AF18D500028982 /* CoreData+FeedImageDataStore.swift */ = {isa = PBXFileReference; lastKnownFileType = sourcecode.swift; path = "CoreData+FeedImageDataStore.swift"; sourceTree = "<group>"; };
		B46DC40C28A4806E002802C5 /* MockingMovieApp.app */ = {isa = PBXFileReference; explicitFileType = wrapper.application; includeInIndex = 0; path = MockingMovieApp.app; sourceTree = BUILT_PRODUCTS_DIR; };
		B46DC40F28A4806E002802C5 /* AppDelegate.swift */ = {isa = PBXFileReference; lastKnownFileType = sourcecode.swift; path = AppDelegate.swift; sourceTree = "<group>"; };
		B46DC41128A4806E002802C5 /* SceneDelegate.swift */ = {isa = PBXFileReference; lastKnownFileType = sourcecode.swift; path = SceneDelegate.swift; sourceTree = "<group>"; };
		B46DC41328A4806E002802C5 /* HomeViewController.swift */ = {isa = PBXFileReference; lastKnownFileType = sourcecode.swift; path = HomeViewController.swift; sourceTree = "<group>"; };
		B46DC41628A4806E002802C5 /* Base */ = {isa = PBXFileReference; lastKnownFileType = file.storyboard; name = Base; path = Base.lproj/Main.storyboard; sourceTree = "<group>"; };
		B46DC41828A48070002802C5 /* Assets.xcassets */ = {isa = PBXFileReference; lastKnownFileType = folder.assetcatalog; path = Assets.xcassets; sourceTree = "<group>"; };
		B46DC41B28A48070002802C5 /* Base */ = {isa = PBXFileReference; lastKnownFileType = file.storyboard; name = Base; path = Base.lproj/LaunchScreen.storyboard; sourceTree = "<group>"; };
		B46DC41D28A48070002802C5 /* Info.plist */ = {isa = PBXFileReference; lastKnownFileType = text.plist.xml; path = Info.plist; sourceTree = "<group>"; };
		B46DC42528A480AA002802C5 /* FeedLoader.swift */ = {isa = PBXFileReference; lastKnownFileType = sourcecode.swift; path = FeedLoader.swift; sourceTree = "<group>"; };
		B46DC42728A48335002802C5 /* APIService.swift */ = {isa = PBXFileReference; lastKnownFileType = sourcecode.swift; path = APIService.swift; sourceTree = "<group>"; };
		B46DC42A28A494AA002802C5 /* MovieCell.swift */ = {isa = PBXFileReference; lastKnownFileType = sourcecode.swift; path = MovieCell.swift; sourceTree = "<group>"; };
		B46DC42C28A53D84002802C5 /* UIView+Extension.swift */ = {isa = PBXFileReference; fileEncoding = 4; lastKnownFileType = sourcecode.swift; path = "UIView+Extension.swift"; sourceTree = "<group>"; };
		B46DC42E28A545B5002802C5 /* Movie.swift */ = {isa = PBXFileReference; lastKnownFileType = sourcecode.swift; path = Movie.swift; sourceTree = "<group>"; };
		B46DC43028A55651002802C5 /* FeedImageDataCache.swift */ = {isa = PBXFileReference; lastKnownFileType = sourcecode.swift; path = FeedImageDataCache.swift; sourceTree = "<group>"; };
		B46DC43228A556DD002802C5 /* LocalImageDataService.swift */ = {isa = PBXFileReference; lastKnownFileType = sourcecode.swift; path = LocalImageDataService.swift; sourceTree = "<group>"; };
		B46DC43528A56646002802C5 /* MovieImageStore.xcdatamodel */ = {isa = PBXFileReference; lastKnownFileType = wrapper.xcdatamodel; path = MovieImageStore.xcdatamodel; sourceTree = "<group>"; };
		B46DC43728A566BD002802C5 /* ManageMovie.swift */ = {isa = PBXFileReference; lastKnownFileType = sourcecode.swift; path = ManageMovie.swift; sourceTree = "<group>"; };
		B46DC43B28A5676C002802C5 /* CoreDataStore.swift */ = {isa = PBXFileReference; lastKnownFileType = sourcecode.swift; path = CoreDataStore.swift; sourceTree = "<group>"; };
/* End PBXFileReference section */

/* Begin PBXFrameworksBuildPhase section */
		B46DC40928A4806E002802C5 /* Frameworks */ = {
			isa = PBXFrameworksBuildPhase;
			buildActionMask = 2147483647;
			files = (
			);
			runOnlyForDeploymentPostprocessing = 0;
		};
/* End PBXFrameworksBuildPhase section */

/* Begin PBXGroup section */
		B40E5F0328AD91E600028982 /* CoreData */ = {
			isa = PBXGroup;
			children = (
				B46DC43728A566BD002802C5 /* ManageMovie.swift */,
				B40E5F1828AF18A800028982 /* CoreData+FeedStore.swift */,
				B40E5F1A28AF18D500028982 /* CoreData+FeedImageDataStore.swift */,
				B46DC43B28A5676C002802C5 /* CoreDataStore.swift */,
				B46DC43428A56646002802C5 /* MovieImageStore.xcdatamodeld */,
			);
			path = CoreData;
			sourceTree = "<group>";
		};
		B40E5F0428AD923700028982 /* URLSession */ = {
			isa = PBXGroup;
			children = (
				B40E5F0528AD925F00028982 /* URLSessionHTTPClient.swift */,
			);
			path = URLSession;
			sourceTree = "<group>";
		};
		B40E5F0928AD92F100028982 /* Cells */ = {
			isa = PBXGroup;
			children = (
				B46DC42A28A494AA002802C5 /* MovieCell.swift */,
				B40E5F0C28AE839D00028982 /* MovieCellController.swift */,
				B40E5F0E28AE858C00028982 /* LoadMoreCell.swift */,
				B40E5F1028AE8FE400028982 /* LoadMoreCellController.swift */,
				B40E5F1228AE919A00028982 /* RefreshViewController.swift */,
			);
			path = Cells;
			sourceTree = "<group>";
		};
		B46DC40328A4806E002802C5 = {
			isa = PBXGroup;
			children = (
				B46DC40E28A4806E002802C5 /* MockingMovieApp */,
				B46DC40D28A4806E002802C5 /* Products */,
			);
			sourceTree = "<group>";
		};
		B46DC40D28A4806E002802C5 /* Products */ = {
			isa = PBXGroup;
			children = (
				B46DC40C28A4806E002802C5 /* MockingMovieApp.app */,
			);
			name = Products;
			sourceTree = "<group>";
		};
		B46DC40E28A4806E002802C5 /* MockingMovieApp */ = {
			isa = PBXGroup;
			children = (
				B46DC42328A48079002802C5 /* Domain */,
				B46DC42428A48083002802C5 /* Infrastructure */,
				B46DC42928A49498002802C5 /* UI */,
				B46DC40F28A4806E002802C5 /* AppDelegate.swift */,
				B46DC41128A4806E002802C5 /* SceneDelegate.swift */,
				B46DC41528A4806E002802C5 /* Main.storyboard */,
				B46DC41828A48070002802C5 /* Assets.xcassets */,
				B46DC41A28A48070002802C5 /* LaunchScreen.storyboard */,
				B46DC41D28A48070002802C5 /* Info.plist */,
			);
			path = MockingMovieApp;
			sourceTree = "<group>";
		};
		B46DC42328A48079002802C5 /* Domain */ = {
			isa = PBXGroup;
			children = (
				B46DC42528A480AA002802C5 /* FeedLoader.swift */,
				B40E5F0A28ADD46100028982 /* ImageDataLoader.swift */,
				B46DC42E28A545B5002802C5 /* Movie.swift */,
				B46DC43028A55651002802C5 /* FeedImageDataCache.swift */,
				B40E5F1428AF171B00028982 /* FeedCache.swift */,
				B40E5F0728AD928200028982 /* Constant.swift */,
			);
			path = Domain;
			sourceTree = "<group>";
		};
		B46DC42428A48083002802C5 /* Infrastructure */ = {
			isa = PBXGroup;
			children = (
				B40E5F0428AD923700028982 /* URLSession */,
				B40E5F0328AD91E600028982 /* CoreData */,
				B46DC42728A48335002802C5 /* APIService.swift */,
				B46DC43228A556DD002802C5 /* LocalImageDataService.swift */,
				B40E5F1628AF175D00028982 /* LocalFeedService.swift */,
			);
			path = Infrastructure;
			sourceTree = "<group>";
		};
		B46DC42928A49498002802C5 /* UI */ = {
			isa = PBXGroup;
			children = (
				B40E5F0928AD92F100028982 /* Cells */,
				B46DC42C28A53D84002802C5 /* UIView+Extension.swift */,
				B46DC41328A4806E002802C5 /* HomeViewController.swift */,
			);
			path = UI;
			sourceTree = "<group>";
		};
/* End PBXGroup section */

/* Begin PBXNativeTarget section */
		B46DC40B28A4806E002802C5 /* MockingMovieApp */ = {
			isa = PBXNativeTarget;
			buildConfigurationList = B46DC42028A48070002802C5 /* Build configuration list for PBXNativeTarget "MockingMovieApp" */;
			buildPhases = (
				B46DC40828A4806E002802C5 /* Sources */,
				B46DC40928A4806E002802C5 /* Frameworks */,
				B46DC40A28A4806E002802C5 /* Resources */,
			);
			buildRules = (
			);
			dependencies = (
			);
			name = MockingMovieApp;
			productName = MockingMovieApp;
			productReference = B46DC40C28A4806E002802C5 /* MockingMovieApp.app */;
			productType = "com.apple.product-type.application";
		};
/* End PBXNativeTarget section */

/* Begin PBXProject section */
		B46DC40428A4806E002802C5 /* Project object */ = {
			isa = PBXProject;
			attributes = {
				BuildIndependentTargetsInParallel = 1;
				LastSwiftUpdateCheck = 1340;
				LastUpgradeCheck = 1340;
				TargetAttributes = {
					B46DC40B28A4806E002802C5 = {
						CreatedOnToolsVersion = 13.4.1;
					};
				};
			};
			buildConfigurationList = B46DC40728A4806E002802C5 /* Build configuration list for PBXProject "MockingMovieApp" */;
			compatibilityVersion = "Xcode 13.0";
			developmentRegion = en;
			hasScannedForEncodings = 0;
			knownRegions = (
				en,
				Base,
			);
			mainGroup = B46DC40328A4806E002802C5;
			productRefGroup = B46DC40D28A4806E002802C5 /* Products */;
			projectDirPath = "";
			projectRoot = "";
			targets = (
				B46DC40B28A4806E002802C5 /* MockingMovieApp */,
			);
		};
/* End PBXProject section */

/* Begin PBXResourcesBuildPhase section */
		B46DC40A28A4806E002802C5 /* Resources */ = {
			isa = PBXResourcesBuildPhase;
			buildActionMask = 2147483647;
			files = (
				B46DC41C28A48070002802C5 /* LaunchScreen.storyboard in Resources */,
				B46DC41928A48070002802C5 /* Assets.xcassets in Resources */,
				B46DC41728A4806E002802C5 /* Main.storyboard in Resources */,
			);
			runOnlyForDeploymentPostprocessing = 0;
		};
/* End PBXResourcesBuildPhase section */

/* Begin PBXSourcesBuildPhase section */
		B46DC40828A4806E002802C5 /* Sources */ = {
			isa = PBXSourcesBuildPhase;
			buildActionMask = 2147483647;
			files = (
				B40E5F1B28AF18D500028982 /* CoreData+FeedImageDataStore.swift in Sources */,
				B40E5F1328AE919A00028982 /* RefreshViewController.swift in Sources */,
				B46DC41428A4806E002802C5 /* HomeViewController.swift in Sources */,
				B46DC42D28A53D84002802C5 /* UIView+Extension.swift in Sources */,
				B40E5F0828AD928200028982 /* Constant.swift in Sources */,
				B46DC42828A48335002802C5 /* APIService.swift in Sources */,
				B40E5F0B28ADD46100028982 /* ImageDataLoader.swift in Sources */,
				B46DC42B28A494AA002802C5 /* MovieCell.swift in Sources */,
				B40E5F1528AF171B00028982 /* FeedCache.swift in Sources */,
				B40E5F0F28AE858C00028982 /* LoadMoreCell.swift in Sources */,
				B40E5F1728AF175D00028982 /* LocalFeedService.swift in Sources */,
				B46DC43328A556DD002802C5 /* LocalImageDataService.swift in Sources */,
				B40E5F1928AF18A800028982 /* CoreData+FeedStore.swift in Sources */,
				B46DC43128A55651002802C5 /* FeedImageDataCache.swift in Sources */,
				B46DC43C28A5676C002802C5 /* CoreDataStore.swift in Sources */,
				B40E5F0D28AE839D00028982 /* MovieCellController.swift in Sources */,
				B40E5F0628AD925F00028982 /* URLSessionHTTPClient.swift in Sources */,
				B46DC41028A4806E002802C5 /* AppDelegate.swift in Sources */,
				B46DC43928A566BD002802C5 /* ManageMovie.swift in Sources */,
				B46DC43628A56646002802C5 /* MovieImageStore.xcdatamodeld in Sources */,
				B40E5F1128AE8FE400028982 /* LoadMoreCellController.swift in Sources */,
				B46DC42628A480AA002802C5 /* FeedLoader.swift in Sources */,
				B46DC42F28A545B5002802C5 /* Movie.swift in Sources */,
				B46DC41228A4806E002802C5 /* SceneDelegate.swift in Sources */,
			);
			runOnlyForDeploymentPostprocessing = 0;
		};
/* End PBXSourcesBuildPhase section */

/* Begin PBXVariantGroup section */
		B46DC41528A4806E002802C5 /* Main.storyboard */ = {
			isa = PBXVariantGroup;
			children = (
				B46DC41628A4806E002802C5 /* Base */,
			);
			name = Main.storyboard;
			sourceTree = "<group>";
		};
		B46DC41A28A48070002802C5 /* LaunchScreen.storyboard */ = {
			isa = PBXVariantGroup;
			children = (
				B46DC41B28A48070002802C5 /* Base */,
			);
			name = LaunchScreen.storyboard;
			sourceTree = "<group>";
		};
/* End PBXVariantGroup section */

/* Begin XCBuildConfiguration section */
		B46DC41E28A48070002802C5 /* Debug */ = {
			isa = XCBuildConfiguration;
			buildSettings = {
				ALWAYS_SEARCH_USER_PATHS = NO;
				CLANG_ANALYZER_NONNULL = YES;
				CLANG_ANALYZER_NUMBER_OBJECT_CONVERSION = YES_AGGRESSIVE;
				CLANG_CXX_LANGUAGE_STANDARD = "gnu++17";
				CLANG_ENABLE_MODULES = YES;
				CLANG_ENABLE_OBJC_ARC = YES;
				CLANG_ENABLE_OBJC_WEAK = YES;
				CLANG_WARN_BLOCK_CAPTURE_AUTORELEASING = YES;
				CLANG_WARN_BOOL_CONVERSION = YES;
				CLANG_WARN_COMMA = YES;
				CLANG_WARN_CONSTANT_CONVERSION = YES;
				CLANG_WARN_DEPRECATED_OBJC_IMPLEMENTATIONS = YES;
				CLANG_WARN_DIRECT_OBJC_ISA_USAGE = YES_ERROR;
				CLANG_WARN_DOCUMENTATION_COMMENTS = YES;
				CLANG_WARN_EMPTY_BODY = YES;
				CLANG_WARN_ENUM_CONVERSION = YES;
				CLANG_WARN_INFINITE_RECURSION = YES;
				CLANG_WARN_INT_CONVERSION = YES;
				CLANG_WARN_NON_LITERAL_NULL_CONVERSION = YES;
				CLANG_WARN_OBJC_IMPLICIT_RETAIN_SELF = YES;
				CLANG_WARN_OBJC_LITERAL_CONVERSION = YES;
				CLANG_WARN_OBJC_ROOT_CLASS = YES_ERROR;
				CLANG_WARN_QUOTED_INCLUDE_IN_FRAMEWORK_HEADER = YES;
				CLANG_WARN_RANGE_LOOP_ANALYSIS = YES;
				CLANG_WARN_STRICT_PROTOTYPES = YES;
				CLANG_WARN_SUSPICIOUS_MOVE = YES;
				CLANG_WARN_UNGUARDED_AVAILABILITY = YES_AGGRESSIVE;
				CLANG_WARN_UNREACHABLE_CODE = YES;
				CLANG_WARN__DUPLICATE_METHOD_MATCH = YES;
				COPY_PHASE_STRIP = NO;
				DEBUG_INFORMATION_FORMAT = dwarf;
				ENABLE_STRICT_OBJC_MSGSEND = YES;
				ENABLE_TESTABILITY = YES;
				GCC_C_LANGUAGE_STANDARD = gnu11;
				GCC_DYNAMIC_NO_PIC = NO;
				GCC_NO_COMMON_BLOCKS = YES;
				GCC_OPTIMIZATION_LEVEL = 0;
				GCC_PREPROCESSOR_DEFINITIONS = (
					"DEBUG=1",
					"$(inherited)",
				);
				GCC_WARN_64_TO_32_BIT_CONVERSION = YES;
				GCC_WARN_ABOUT_RETURN_TYPE = YES_ERROR;
				GCC_WARN_UNDECLARED_SELECTOR = YES;
				GCC_WARN_UNINITIALIZED_AUTOS = YES_AGGRESSIVE;
				GCC_WARN_UNUSED_FUNCTION = YES;
				GCC_WARN_UNUSED_VARIABLE = YES;
				IPHONEOS_DEPLOYMENT_TARGET = 15.5;
				MTL_ENABLE_DEBUG_INFO = INCLUDE_SOURCE;
				MTL_FAST_MATH = YES;
				ONLY_ACTIVE_ARCH = YES;
				SDKROOT = iphoneos;
				SWIFT_ACTIVE_COMPILATION_CONDITIONS = DEBUG;
				SWIFT_OPTIMIZATION_LEVEL = "-Onone";
			};
			name = Debug;
		};
		B46DC41F28A48070002802C5 /* Release */ = {
			isa = XCBuildConfiguration;
			buildSettings = {
				ALWAYS_SEARCH_USER_PATHS = NO;
				CLANG_ANALYZER_NONNULL = YES;
				CLANG_ANALYZER_NUMBER_OBJECT_CONVERSION = YES_AGGRESSIVE;
				CLANG_CXX_LANGUAGE_STANDARD = "gnu++17";
				CLANG_ENABLE_MODULES = YES;
				CLANG_ENABLE_OBJC_ARC = YES;
				CLANG_ENABLE_OBJC_WEAK = YES;
				CLANG_WARN_BLOCK_CAPTURE_AUTORELEASING = YES;
				CLANG_WARN_BOOL_CONVERSION = YES;
				CLANG_WARN_COMMA = YES;
				CLANG_WARN_CONSTANT_CONVERSION = YES;
				CLANG_WARN_DEPRECATED_OBJC_IMPLEMENTATIONS = YES;
				CLANG_WARN_DIRECT_OBJC_ISA_USAGE = YES_ERROR;
				CLANG_WARN_DOCUMENTATION_COMMENTS = YES;
				CLANG_WARN_EMPTY_BODY = YES;
				CLANG_WARN_ENUM_CONVERSION = YES;
				CLANG_WARN_INFINITE_RECURSION = YES;
				CLANG_WARN_INT_CONVERSION = YES;
				CLANG_WARN_NON_LITERAL_NULL_CONVERSION = YES;
				CLANG_WARN_OBJC_IMPLICIT_RETAIN_SELF = YES;
				CLANG_WARN_OBJC_LITERAL_CONVERSION = YES;
				CLANG_WARN_OBJC_ROOT_CLASS = YES_ERROR;
				CLANG_WARN_QUOTED_INCLUDE_IN_FRAMEWORK_HEADER = YES;
				CLANG_WARN_RANGE_LOOP_ANALYSIS = YES;
				CLANG_WARN_STRICT_PROTOTYPES = YES;
				CLANG_WARN_SUSPICIOUS_MOVE = YES;
				CLANG_WARN_UNGUARDED_AVAILABILITY = YES_AGGRESSIVE;
				CLANG_WARN_UNREACHABLE_CODE = YES;
				CLANG_WARN__DUPLICATE_METHOD_MATCH = YES;
				COPY_PHASE_STRIP = NO;
				DEBUG_INFORMATION_FORMAT = "dwarf-with-dsym";
				ENABLE_NS_ASSERTIONS = NO;
				ENABLE_STRICT_OBJC_MSGSEND = YES;
				GCC_C_LANGUAGE_STANDARD = gnu11;
				GCC_NO_COMMON_BLOCKS = YES;
				GCC_WARN_64_TO_32_BIT_CONVERSION = YES;
				GCC_WARN_ABOUT_RETURN_TYPE = YES_ERROR;
				GCC_WARN_UNDECLARED_SELECTOR = YES;
				GCC_WARN_UNINITIALIZED_AUTOS = YES_AGGRESSIVE;
				GCC_WARN_UNUSED_FUNCTION = YES;
				GCC_WARN_UNUSED_VARIABLE = YES;
				IPHONEOS_DEPLOYMENT_TARGET = 15.5;
				MTL_ENABLE_DEBUG_INFO = NO;
				MTL_FAST_MATH = YES;
				SDKROOT = iphoneos;
				SWIFT_COMPILATION_MODE = wholemodule;
				SWIFT_OPTIMIZATION_LEVEL = "-O";
				VALIDATE_PRODUCT = YES;
			};
			name = Release;
		};
		B46DC42128A48070002802C5 /* Debug */ = {
			isa = XCBuildConfiguration;
			buildSettings = {
				ASSETCATALOG_COMPILER_APPICON_NAME = AppIcon;
				ASSETCATALOG_COMPILER_GLOBAL_ACCENT_COLOR_NAME = AccentColor;
				CODE_SIGN_STYLE = Automatic;
				CURRENT_PROJECT_VERSION = 1;
				DEVELOPMENT_TEAM = FL29S3YYFY;
				GENERATE_INFOPLIST_FILE = YES;
				INFOPLIST_FILE = MockingMovieApp/Info.plist;
				INFOPLIST_KEY_UIApplicationSupportsIndirectInputEvents = YES;
				INFOPLIST_KEY_UILaunchStoryboardName = LaunchScreen;
				INFOPLIST_KEY_UISupportedInterfaceOrientations_iPad = "UIInterfaceOrientationPortrait UIInterfaceOrientationPortraitUpsideDown UIInterfaceOrientationLandscapeLeft UIInterfaceOrientationLandscapeRight";
				INFOPLIST_KEY_UISupportedInterfaceOrientations_iPhone = "UIInterfaceOrientationPortrait UIInterfaceOrientationLandscapeLeft UIInterfaceOrientationLandscapeRight";
				IPHONEOS_DEPLOYMENT_TARGET = 14.0;
				LD_RUNPATH_SEARCH_PATHS = (
					"$(inherited)",
					"@executable_path/Frameworks",
				);
				MARKETING_VERSION = 1.0;
				PRODUCT_BUNDLE_IDENTIFIER = com.tantt.MockingMovieApp;
				PRODUCT_NAME = "$(TARGET_NAME)";
				SWIFT_EMIT_LOC_STRINGS = YES;
				SWIFT_VERSION = 5.0;
				TARGETED_DEVICE_FAMILY = "1,2";
			};
			name = Debug;
		};
		B46DC42228A48070002802C5 /* Release */ = {
			isa = XCBuildConfiguration;
			buildSettings = {
				ASSETCATALOG_COMPILER_APPICON_NAME = AppIcon;
				ASSETCATALOG_COMPILER_GLOBAL_ACCENT_COLOR_NAME = AccentColor;
				CODE_SIGN_STYLE = Automatic;
				CURRENT_PROJECT_VERSION = 1;
				DEVELOPMENT_TEAM = FL29S3YYFY;
				GENERATE_INFOPLIST_FILE = YES;
				INFOPLIST_FILE = MockingMovieApp/Info.plist;
				INFOPLIST_KEY_UIApplicationSupportsIndirectInputEvents = YES;
				INFOPLIST_KEY_UILaunchStoryboardName = LaunchScreen;
				INFOPLIST_KEY_UISupportedInterfaceOrientations_iPad = "UIInterfaceOrientationPortrait UIInterfaceOrientationPortraitUpsideDown UIInterfaceOrientationLandscapeLeft UIInterfaceOrientationLandscapeRight";
				INFOPLIST_KEY_UISupportedInterfaceOrientations_iPhone = "UIInterfaceOrientationPortrait UIInterfaceOrientationLandscapeLeft UIInterfaceOrientationLandscapeRight";
				IPHONEOS_DEPLOYMENT_TARGET = 14.0;
				LD_RUNPATH_SEARCH_PATHS = (
					"$(inherited)",
					"@executable_path/Frameworks",
				);
				MARKETING_VERSION = 1.0;
				PRODUCT_BUNDLE_IDENTIFIER = com.tantt.MockingMovieApp;
				PRODUCT_NAME = "$(TARGET_NAME)";
				SWIFT_EMIT_LOC_STRINGS = YES;
				SWIFT_VERSION = 5.0;
				TARGETED_DEVICE_FAMILY = "1,2";
			};
			name = Release;
		};
/* End XCBuildConfiguration section */

/* Begin XCConfigurationList section */
		B46DC40728A4806E002802C5 /* Build configuration list for PBXProject "MockingMovieApp" */ = {
			isa = XCConfigurationList;
			buildConfigurations = (
				B46DC41E28A48070002802C5 /* Debug */,
				B46DC41F28A48070002802C5 /* Release */,
			);
			defaultConfigurationIsVisible = 0;
			defaultConfigurationName = Release;
		};
		B46DC42028A48070002802C5 /* Build configuration list for PBXNativeTarget "MockingMovieApp" */ = {
			isa = XCConfigurationList;
			buildConfigurations = (
				B46DC42128A48070002802C5 /* Debug */,
				B46DC42228A48070002802C5 /* Release */,
			);
			defaultConfigurationIsVisible = 0;
			defaultConfigurationName = Release;
		};
/* End XCConfigurationList section */

/* Begin XCVersionGroup section */
		B46DC43428A56646002802C5 /* MovieImageStore.xcdatamodeld */ = {
			isa = XCVersionGroup;
			children = (
				B46DC43528A56646002802C5 /* MovieImageStore.xcdatamodel */,
			);
			currentVersion = B46DC43528A56646002802C5 /* MovieImageStore.xcdatamodel */;
			path = MovieImageStore.xcdatamodeld;
			sourceTree = "<group>";
			versionGroupType = wrapper.xcdatamodel;
		};
/* End XCVersionGroup section */
	};
	rootObject = B46DC40428A4806E002802C5 /* Project object */;
}
